// !$*UTF8*$!
{
	archiveVersion = 1;
	classes = {
	};
	objectVersion = 56;
	objects = {

/* Begin PBXBuildFile section */
		F458323C2BC5421900C9CA0D /* Kingfisher in Frameworks */ = {isa = PBXBuildFile; productRef = F458323B2BC5421900C9CA0D /* Kingfisher */; };
		F458323E2BC5511700C9CA0D /* TableViewCell.swift in Sources */ = {isa = PBXBuildFile; fileRef = F458323D2BC5511700C9CA0D /* TableViewCell.swift */; };
		F4729CFC2BBEB97600BFDFD6 /* AppDelegate.swift in Sources */ = {isa = PBXBuildFile; fileRef = F4729CFB2BBEB97600BFDFD6 /* AppDelegate.swift */; };
		F4729CFE2BBEB97700BFDFD6 /* SceneDelegate.swift in Sources */ = {isa = PBXBuildFile; fileRef = F4729CFD2BBEB97700BFDFD6 /* SceneDelegate.swift */; };
		F4729D002BBEB97700BFDFD6 /* ViewController.swift in Sources */ = {isa = PBXBuildFile; fileRef = F4729CFF2BBEB97700BFDFD6 /* ViewController.swift */; };
		F4729D032BBEB97700BFDFD6 /* Main.storyboard in Resources */ = {isa = PBXBuildFile; fileRef = F4729D012BBEB97700BFDFD6 /* Main.storyboard */; };
		F4729D052BBEB97800BFDFD6 /* Assets.xcassets in Resources */ = {isa = PBXBuildFile; fileRef = F4729D042BBEB97800BFDFD6 /* Assets.xcassets */; };
		F4729D082BBEB97800BFDFD6 /* LaunchScreen.storyboard in Resources */ = {isa = PBXBuildFile; fileRef = F4729D062BBEB97800BFDFD6 /* LaunchScreen.storyboard */; };
		F4E06F072BBFEFBA00EA8744 /* Alamofire in Frameworks */ = {isa = PBXBuildFile; productRef = F4E06F062BBFEFBA00EA8744 /* Alamofire */; };
		F4E06F092BBFEFBA00EA8744 /* AlamofireDynamic in Frameworks */ = {isa = PBXBuildFile; productRef = F4E06F082BBFEFBA00EA8744 /* AlamofireDynamic */; };
/* End PBXBuildFile section */

/* Begin PBXFileReference section */
		F458323D2BC5511700C9CA0D /* TableViewCell.swift */ = {isa = PBXFileReference; lastKnownFileType = sourcecode.swift; path = TableViewCell.swift; sourceTree = "<group>"; };
		F4729CF82BBEB97600BFDFD6 /* githubProfile.app */ = {isa = PBXFileReference; explicitFileType = wrapper.application; includeInIndex = 0; path = githubProfile.app; sourceTree = BUILT_PRODUCTS_DIR; };
		F4729CFB2BBEB97600BFDFD6 /* AppDelegate.swift */ = {isa = PBXFileReference; lastKnownFileType = sourcecode.swift; path = AppDelegate.swift; sourceTree = "<group>"; };
		F4729CFD2BBEB97700BFDFD6 /* SceneDelegate.swift */ = {isa = PBXFileReference; lastKnownFileType = sourcecode.swift; path = SceneDelegate.swift; sourceTree = "<group>"; };
		F4729CFF2BBEB97700BFDFD6 /* ViewController.swift */ = {isa = PBXFileReference; lastKnownFileType = sourcecode.swift; path = ViewController.swift; sourceTree = "<group>"; };
		F4729D022BBEB97700BFDFD6 /* Base */ = {isa = PBXFileReference; lastKnownFileType = file.storyboard; name = Base; path = Base.lproj/Main.storyboard; sourceTree = "<group>"; };
		F4729D042BBEB97800BFDFD6 /* Assets.xcassets */ = {isa = PBXFileReference; lastKnownFileType = folder.assetcatalog; path = Assets.xcassets; sourceTree = "<group>"; };
		F4729D072BBEB97800BFDFD6 /* Base */ = {isa = PBXFileReference; lastKnownFileType = file.storyboard; name = Base; path = Base.lproj/LaunchScreen.storyboard; sourceTree = "<group>"; };
		F4729D092BBEB97800BFDFD6 /* Info.plist */ = {isa = PBXFileReference; lastKnownFileType = text.plist.xml; path = Info.plist; sourceTree = "<group>"; };
/* End PBXFileReference section */

/* Begin PBXFrameworksBuildPhase section */
		F4729CF52BBEB97600BFDFD6 /* Frameworks */ = {
			isa = PBXFrameworksBuildPhase;
			buildActionMask = 2147483647;
			files = (
				F458323C2BC5421900C9CA0D /* Kingfisher in Frameworks */,
				F4E06F072BBFEFBA00EA8744 /* Alamofire in Frameworks */,
				F4E06F092BBFEFBA00EA8744 /* AlamofireDynamic in Frameworks */,
			);
			runOnlyForDeploymentPostprocessing = 0;
		};
/* End PBXFrameworksBuildPhase section */

/* Begin PBXGroup section */
		F4729CEF2BBEB97600BFDFD6 = {
			isa = PBXGroup;
			children = (
				F4729CFA2BBEB97600BFDFD6 /* githubProfile */,
				F4729CF92BBEB97600BFDFD6 /* Products */,
			);
			sourceTree = "<group>";
		};
		F4729CF92BBEB97600BFDFD6 /* Products */ = {
			isa = PBXGroup;
			children = (
				F4729CF82BBEB97600BFDFD6 /* githubProfile.app */,
			);
			name = Products;
			sourceTree = "<group>";
		};
		F4729CFA2BBEB97600BFDFD6 /* githubProfile */ = {
			isa = PBXGroup;
			children = (
				F4729CFB2BBEB97600BFDFD6 /* AppDelegate.swift */,
				F4729CFD2BBEB97700BFDFD6 /* SceneDelegate.swift */,
				F4729CFF2BBEB97700BFDFD6 /* ViewController.swift */,
				F4729D012BBEB97700BFDFD6 /* Main.storyboard */,
				F4729D042BBEB97800BFDFD6 /* Assets.xcassets */,
				F4729D062BBEB97800BFDFD6 /* LaunchScreen.storyboard */,
				F4729D092BBEB97800BFDFD6 /* Info.plist */,
				F458323D2BC5511700C9CA0D /* TableViewCell.swift */,
			);
			path = githubProfile;
			sourceTree = "<group>";
		};
/* End PBXGroup section */

/* Begin PBXNativeTarget section */
		F4729CF72BBEB97600BFDFD6 /* githubProfile */ = {
			isa = PBXNativeTarget;
			buildConfigurationList = F4729D0C2BBEB97800BFDFD6 /* Build configuration list for PBXNativeTarget "githubProfile" */;
			buildPhases = (
				F4729CF42BBEB97600BFDFD6 /* Sources */,
				F4729CF52BBEB97600BFDFD6 /* Frameworks */,
				F4729CF62BBEB97600BFDFD6 /* Resources */,
			);
			buildRules = (
			);
			dependencies = (
			);
			name = githubProfile;
			packageProductDependencies = (
				F4E06F062BBFEFBA00EA8744 /* Alamofire */,
				F4E06F082BBFEFBA00EA8744 /* AlamofireDynamic */,
				F458323B2BC5421900C9CA0D /* Kingfisher */,
			);
			productName = githubProfile;
			productReference = F4729CF82BBEB97600BFDFD6 /* githubProfile.app */;
			productType = "com.apple.product-type.application";
		};
/* End PBXNativeTarget section */

/* Begin PBXProject section */
		F4729CF02BBEB97600BFDFD6 /* Project object */ = {
			isa = PBXProject;
			attributes = {
				BuildIndependentTargetsInParallel = 1;
				LastSwiftUpdateCheck = 1500;
				LastUpgradeCheck = 1500;
				TargetAttributes = {
					F4729CF72BBEB97600BFDFD6 = {
						CreatedOnToolsVersion = 15.0;
					};
				};
			};
			buildConfigurationList = F4729CF32BBEB97600BFDFD6 /* Build configuration list for PBXProject "githubProfile" */;
			compatibilityVersion = "Xcode 14.0";
			developmentRegion = en;
			hasScannedForEncodings = 0;
			knownRegions = (
				en,
				Base,
			);
			mainGroup = F4729CEF2BBEB97600BFDFD6;
			packageReferences = (
				F4E06F052BBFEFBA00EA8744 /* XCRemoteSwiftPackageReference "Alamofire" */,
				F458323A2BC5421800C9CA0D /* XCRemoteSwiftPackageReference "Kingfisher" */,
			);
			productRefGroup = F4729CF92BBEB97600BFDFD6 /* Products */;
			projectDirPath = "";
			projectRoot = "";
			targets = (
				F4729CF72BBEB97600BFDFD6 /* githubProfile */,
			);
		};
/* End PBXProject section */

/* Begin PBXResourcesBuildPhase section */
		F4729CF62BBEB97600BFDFD6 /* Resources */ = {
			isa = PBXResourcesBuildPhase;
			buildActionMask = 2147483647;
			files = (
				F4729D082BBEB97800BFDFD6 /* LaunchScreen.storyboard in Resources */,
				F4729D052BBEB97800BFDFD6 /* Assets.xcassets in Resources */,
				F4729D032BBEB97700BFDFD6 /* Main.storyboard in Resources */,
			);
			runOnlyForDeploymentPostprocessing = 0;
		};
/* End PBXResourcesBuildPhase section */

/* Begin PBXSourcesBuildPhase section */
		F4729CF42BBEB97600BFDFD6 /* Sources */ = {
			isa = PBXSourcesBuildPhase;
			buildActionMask = 2147483647;
			files = (
				F458323E2BC5511700C9CA0D /* TableViewCell.swift in Sources */,
				F4729D002BBEB97700BFDFD6 /* ViewController.swift in Sources */,
				F4729CFC2BBEB97600BFDFD6 /* AppDelegate.swift in Sources */,
				F4729CFE2BBEB97700BFDFD6 /* SceneDelegate.swift in Sources */,
			);
			runOnlyForDeploymentPostprocessing = 0;
		};
/* End PBXSourcesBuildPhase section */

/* Begin PBXVariantGroup section */
		F4729D012BBEB97700BFDFD6 /* Main.storyboard */ = {
			isa = PBXVariantGroup;
			children = (
				F4729D022BBEB97700BFDFD6 /* Base */,
			);
			name = Main.storyboard;
			sourceTree = "<group>";
		};
		F4729D062BBEB97800BFDFD6 /* LaunchScreen.storyboard */ = {
			isa = PBXVariantGroup;
			children = (
				F4729D072BBEB97800BFDFD6 /* Base */,
			);
			name = LaunchScreen.storyboard;
			sourceTree = "<group>";
		};
/* End PBXVariantGroup section */

/* Begin XCBuildConfiguration section */
		F4729D0A2BBEB97800BFDFD6 /* Debug */ = {
			isa = XCBuildConfiguration;
			buildSettings = {
				ALWAYS_SEARCH_USER_PATHS = NO;
				ASSETCATALOG_COMPILER_GENERATE_SWIFT_ASSET_SYMBOL_EXTENSIONS = YES;
				CLANG_ANALYZER_NONNULL = YES;
				CLANG_ANALYZER_NUMBER_OBJECT_CONVERSION = YES_AGGRESSIVE;
				CLANG_CXX_LANGUAGE_STANDARD = "gnu++20";
				CLANG_ENABLE_MODULES = YES;
				CLANG_ENABLE_OBJC_ARC = YES;
				CLANG_ENABLE_OBJC_WEAK = YES;
				CLANG_WARN_BLOCK_CAPTURE_AUTORELEASING = YES;
				CLANG_WARN_BOOL_CONVERSION = YES;
				CLANG_WARN_COMMA = YES;
				CLANG_WARN_CONSTANT_CONVERSION = YES;
				CLANG_WARN_DEPRECATED_OBJC_IMPLEMENTATIONS = YES;
				CLANG_WARN_DIRECT_OBJC_ISA_USAGE = YES_ERROR;
				CLANG_WARN_DOCUMENTATION_COMMENTS = YES;
				CLANG_WARN_EMPTY_BODY = YES;
				CLANG_WARN_ENUM_CONVERSION = YES;
				CLANG_WARN_INFINITE_RECURSION = YES;
				CLANG_WARN_INT_CONVERSION = YES;
				CLANG_WARN_NON_LITERAL_NULL_CONVERSION = YES;
				CLANG_WARN_OBJC_IMPLICIT_RETAIN_SELF = YES;
				CLANG_WARN_OBJC_LITERAL_CONVERSION = YES;
				CLANG_WARN_OBJC_ROOT_CLASS = YES_ERROR;
				CLANG_WARN_QUOTED_INCLUDE_IN_FRAMEWORK_HEADER = YES;
				CLANG_WARN_RANGE_LOOP_ANALYSIS = YES;
				CLANG_WARN_STRICT_PROTOTYPES = YES;
				CLANG_WARN_SUSPICIOUS_MOVE = YES;
				CLANG_WARN_UNGUARDED_AVAILABILITY = YES_AGGRESSIVE;
				CLANG_WARN_UNREACHABLE_CODE = YES;
				CLANG_WARN__DUPLICATE_METHOD_MATCH = YES;
				COPY_PHASE_STRIP = NO;
				DEBUG_INFORMATION_FORMAT = dwarf;
				ENABLE_STRICT_OBJC_MSGSEND = YES;
				ENABLE_TESTABILITY = YES;
				ENABLE_USER_SCRIPT_SANDBOXING = YES;
				GCC_C_LANGUAGE_STANDARD = gnu17;
				GCC_DYNAMIC_NO_PIC = NO;
				GCC_NO_COMMON_BLOCKS = YES;
				GCC_OPTIMIZATION_LEVEL = 0;
				GCC_PREPROCESSOR_DEFINITIONS = (
					"DEBUG=1",
					"$(inherited)",
				);
				GCC_WARN_64_TO_32_BIT_CONVERSION = YES;
				GCC_WARN_ABOUT_RETURN_TYPE = YES_ERROR;
				GCC_WARN_UNDECLARED_SELECTOR = YES;
				GCC_WARN_UNINITIALIZED_AUTOS = YES_AGGRESSIVE;
				GCC_WARN_UNUSED_FUNCTION = YES;
				GCC_WARN_UNUSED_VARIABLE = YES;
				IPHONEOS_DEPLOYMENT_TARGET = 17.0;
				LOCALIZATION_PREFERS_STRING_CATALOGS = YES;
				MTL_ENABLE_DEBUG_INFO = INCLUDE_SOURCE;
				MTL_FAST_MATH = YES;
				ONLY_ACTIVE_ARCH = YES;
				SDKROOT = iphoneos;
				SWIFT_ACTIVE_COMPILATION_CONDITIONS = "DEBUG $(inherited)";
				SWIFT_OPTIMIZATION_LEVEL = "-Onone";
			};
			name = Debug;
		};
		F4729D0B2BBEB97800BFDFD6 /* Release */ = {
			isa = XCBuildConfiguration;
			buildSettings = {
				ALWAYS_SEARCH_USER_PATHS = NO;
				ASSETCATALOG_COMPILER_GENERATE_SWIFT_ASSET_SYMBOL_EXTENSIONS = YES;
				CLANG_ANALYZER_NONNULL = YES;
				CLANG_ANALYZER_NUMBER_OBJECT_CONVERSION = YES_AGGRESSIVE;
				CLANG_CXX_LANGUAGE_STANDARD = "gnu++20";
				CLANG_ENABLE_MODULES = YES;
				CLANG_ENABLE_OBJC_ARC = YES;
				CLANG_ENABLE_OBJC_WEAK = YES;
				CLANG_WARN_BLOCK_CAPTURE_AUTORELEASING = YES;
				CLANG_WARN_BOOL_CONVERSION = YES;
				CLANG_WARN_COMMA = YES;
				CLANG_WARN_CONSTANT_CONVERSION = YES;
				CLANG_WARN_DEPRECATED_OBJC_IMPLEMENTATIONS = YES;
				CLANG_WARN_DIRECT_OBJC_ISA_USAGE = YES_ERROR;
				CLANG_WARN_DOCUMENTATION_COMMENTS = YES;
				CLANG_WARN_EMPTY_BODY = YES;
				CLANG_WARN_ENUM_CONVERSION = YES;
				CLANG_WARN_INFINITE_RECURSION = YES;
				CLANG_WARN_INT_CONVERSION = YES;
				CLANG_WARN_NON_LITERAL_NULL_CONVERSION = YES;
				CLANG_WARN_OBJC_IMPLICIT_RETAIN_SELF = YES;
				CLANG_WARN_OBJC_LITERAL_CONVERSION = YES;
				CLANG_WARN_OBJC_ROOT_CLASS = YES_ERROR;
				CLANG_WARN_QUOTED_INCLUDE_IN_FRAMEWORK_HEADER = YES;
				CLANG_WARN_RANGE_LOOP_ANALYSIS = YES;
				CLANG_WARN_STRICT_PROTOTYPES = YES;
				CLANG_WARN_SUSPICIOUS_MOVE = YES;
				CLANG_WARN_UNGUARDED_AVAILABILITY = YES_AGGRESSIVE;
				CLANG_WARN_UNREACHABLE_CODE = YES;
				CLANG_WARN__DUPLICATE_METHOD_MATCH = YES;
				COPY_PHASE_STRIP = NO;
				DEBUG_INFORMATION_FORMAT = "dwarf-with-dsym";
				ENABLE_NS_ASSERTIONS = NO;
				ENABLE_STRICT_OBJC_MSGSEND = YES;
				ENABLE_USER_SCRIPT_SANDBOXING = YES;
				GCC_C_LANGUAGE_STANDARD = gnu17;
				GCC_NO_COMMON_BLOCKS = YES;
				GCC_WARN_64_TO_32_BIT_CONVERSION = YES;
				GCC_WARN_ABOUT_RETURN_TYPE = YES_ERROR;
				GCC_WARN_UNDECLARED_SELECTOR = YES;
				GCC_WARN_UNINITIALIZED_AUTOS = YES_AGGRESSIVE;
				GCC_WARN_UNUSED_FUNCTION = YES;
				GCC_WARN_UNUSED_VARIABLE = YES;
				IPHONEOS_DEPLOYMENT_TARGET = 17.0;
				LOCALIZATION_PREFERS_STRING_CATALOGS = YES;
				MTL_ENABLE_DEBUG_INFO = NO;
				MTL_FAST_MATH = YES;
				SDKROOT = iphoneos;
				SWIFT_COMPILATION_MODE = wholemodule;
				VALIDATE_PRODUCT = YES;
			};
			name = Release;
		};
		F4729D0D2BBEB97800BFDFD6 /* Debug */ = {
			isa = XCBuildConfiguration;
			buildSettings = {
				ASSETCATALOG_COMPILER_APPICON_NAME = AppIcon;
				ASSETCATALOG_COMPILER_GLOBAL_ACCENT_COLOR_NAME = AccentColor;
				CODE_SIGN_STYLE = Automatic;
				CURRENT_PROJECT_VERSION = 1;
				DEVELOPMENT_TEAM = FTV7NTFFYN;
				GENERATE_INFOPLIST_FILE = YES;
				INFOPLIST_FILE = githubProfile/Info.plist;
				INFOPLIST_KEY_UIApplicationSupportsIndirectInputEvents = YES;
				INFOPLIST_KEY_UILaunchStoryboardName = LaunchScreen;
				INFOPLIST_KEY_UIMainStoryboardFile = Main;
				INFOPLIST_KEY_UISupportedInterfaceOrientations_iPad = "UIInterfaceOrientationPortrait UIInterfaceOrientationPortraitUpsideDown UIInterfaceOrientationLandscapeLeft UIInterfaceOrientationLandscapeRight";
				INFOPLIST_KEY_UISupportedInterfaceOrientations_iPhone = "UIInterfaceOrientationPortrait UIInterfaceOrientationLandscapeLeft UIInterfaceOrientationLandscapeRight";
				LD_RUNPATH_SEARCH_PATHS = (
					"$(inherited)",
					"@executable_path/Frameworks",
				);
				MARKETING_VERSION = 1.0;
				PRODUCT_BUNDLE_IDENTIFIER = com.test.githubProfile;
				PRODUCT_NAME = "$(TARGET_NAME)";
				SWIFT_EMIT_LOC_STRINGS = YES;
				SWIFT_VERSION = 5.0;
				TARGETED_DEVICE_FAMILY = "1,2";
			};
			name = Debug;
		};
		F4729D0E2BBEB97800BFDFD6 /* Release */ = {
			isa = XCBuildConfiguration;
			buildSettings = {
				ASSETCATALOG_COMPILER_APPICON_NAME = AppIcon;
				ASSETCATALOG_COMPILER_GLOBAL_ACCENT_COLOR_NAME = AccentColor;
				CODE_SIGN_STYLE = Automatic;
				CURRENT_PROJECT_VERSION = 1;
				DEVELOPMENT_TEAM = FTV7NTFFYN;
				GENERATE_INFOPLIST_FILE = YES;
				INFOPLIST_FILE = githubProfile/Info.plist;
				INFOPLIST_KEY_UIApplicationSupportsIndirectInputEvents = YES;
				INFOPLIST_KEY_UILaunchStoryboardName = LaunchScreen;
				INFOPLIST_KEY_UIMainStoryboardFile = Main;
				INFOPLIST_KEY_UISupportedInterfaceOrientations_iPad = "UIInterfaceOrientationPortrait UIInterfaceOrientationPortraitUpsideDown UIInterfaceOrientationLandscapeLeft UIInterfaceOrientationLandscapeRight";
				INFOPLIST_KEY_UISupportedInterfaceOrientations_iPhone = "UIInterfaceOrientationPortrait UIInterfaceOrientationLandscapeLeft UIInterfaceOrientationLandscapeRight";
				LD_RUNPATH_SEARCH_PATHS = (
					"$(inherited)",
					"@executable_path/Frameworks",
				);
				MARKETING_VERSION = 1.0;
				PRODUCT_BUNDLE_IDENTIFIER = com.test.githubProfile;
				PRODUCT_NAME = "$(TARGET_NAME)";
				SWIFT_EMIT_LOC_STRINGS = YES;
				SWIFT_VERSION = 5.0;
				TARGETED_DEVICE_FAMILY = "1,2";
			};
			name = Release;
		};
/* End XCBuildConfiguration section */

/* Begin XCConfigurationList section */
		F4729CF32BBEB97600BFDFD6 /* Build configuration list for PBXProject "githubProfile" */ = {
			isa = XCConfigurationList;
			buildConfigurations = (
				F4729D0A2BBEB97800BFDFD6 /* Debug */,
				F4729D0B2BBEB97800BFDFD6 /* Release */,
			);
			defaultConfigurationIsVisible = 0;
			defaultConfigurationName = Release;
		};
		F4729D0C2BBEB97800BFDFD6 /* Build configuration list for PBXNativeTarget "githubProfile" */ = {
			isa = XCConfigurationList;
			buildConfigurations = (
				F4729D0D2BBEB97800BFDFD6 /* Debug */,
				F4729D0E2BBEB97800BFDFD6 /* Release */,
			);
			defaultConfigurationIsVisible = 0;
			defaultConfigurationName = Release;
		};
/* End XCConfigurationList section */

/* Begin XCRemoteSwiftPackageReference section */
		F458323A2BC5421800C9CA0D /* XCRemoteSwiftPackageReference "Kingfisher" */ = {
			isa = XCRemoteSwiftPackageReference;
			repositoryURL = "https://github.com/onevcat/Kingfisher";
			requirement = {
				kind = upToNextMajorVersion;
				minimumVersion = 7.11.0;
			};
		};
		F4E06F052BBFEFBA00EA8744 /* XCRemoteSwiftPackageReference "Alamofire" */ = {
			isa = XCRemoteSwiftPackageReference;
			repositoryURL = "https://github.com/Alamofire/Alamofire";
			requirement = {
				kind = upToNextMajorVersion;
				minimumVersion = 5.9.1;
			};
		};
/* End XCRemoteSwiftPackageReference section */

/* Begin XCSwiftPackageProductDependency section */
		F458323B2BC5421900C9CA0D /* Kingfisher */ = {
			isa = XCSwiftPackageProductDependency;
			package = F458323A2BC5421800C9CA0D /* XCRemoteSwiftPackageReference "Kingfisher" */;
			productName = Kingfisher;
		};
		F4E06F062BBFEFBA00EA8744 /* Alamofire */ = {
			isa = XCSwiftPackageProductDependency;
			package = F4E06F052BBFEFBA00EA8744 /* XCRemoteSwiftPackageReference "Alamofire" */;
			productName = Alamofire;
		};
		F4E06F082BBFEFBA00EA8744 /* AlamofireDynamic */ = {
			isa = XCSwiftPackageProductDependency;
			package = F4E06F052BBFEFBA00EA8744 /* XCRemoteSwiftPackageReference "Alamofire" */;
			productName = AlamofireDynamic;
		};
/* End XCSwiftPackageProductDependency section */
	};
	rootObject = F4729CF02BBEB97600BFDFD6 /* Project object */;
}
